{"1.2.0",
[{<<"certifi">>,{pkg,<<"certifi">>,<<"2.9.0">>},1},
 {<<"cowlib">>,{pkg,<<"cowlib">>,<<"2.11.0">>},1},
 {<<"gproc">>,{pkg,<<"gproc">>,<<"0.9.0">>},0},
 {<<"hackney">>,{pkg,<<"hackney">>,<<"1.18.1">>},0},
 {<<"idna">>,{pkg,<<"idna">>,<<"6.1.1">>},1},
 {<<"jobs">>,{pkg,<<"jobs">>,<<"0.10.0">>},0},
 {<<"metrics">>,{pkg,<<"metrics">>,<<"1.0.1">>},1},
 {<<"mimerl">>,{pkg,<<"mimerl">>,<<"1.2.0">>},1},
 {<<"parse_trans">>,{pkg,<<"parse_trans">>,<<"3.4.0">>},1},
 {<<"setup">>,{pkg,<<"setup">>,<<"2.1.0">>},1},
 {<<"ssl_verify_fun">>,{pkg,<<"ssl_verify_fun">>,<<"1.1.6">>},1},
 {<<"tls_certificate_check">>,
  {pkg,<<"tls_certificate_check">>,<<"1.15.0">>},
  0},
 {<<"unicode_util_compat">>,{pkg,<<"unicode_util_compat">>,<<"0.7.0">>},1},
 {<<"zotonic_stdlib">>,{pkg,<<"zotonic_stdlib">>,<<"1.9.0">>},0}]}.
[
{pkg_hash,[
 {<<"certifi">>, <<"6F2A475689DD47F19FB74334859D460A2DC4E3252A3324BD2111B8F0429E7E21">>},
 {<<"cowlib">>, <<"0B9FF9C346629256C42EBE1EEB769A83C6CB771A6EE5960BD110AB0B9B872063">>},
 {<<"gproc">>, <<"853CCB7805E9ADA25D227A157BA966F7B34508F386A3E7E21992B1B484230699">>},
 {<<"hackney">>, <<"F48BF88F521F2A229FC7BAE88CF4F85ADC9CD9BCF23B5DC8EB6A1788C662C4F6">>},
 {<<"idna">>, <<"8A63070E9F7D0C62EB9D9FCB360A7DE382448200FBBD1B106CC96D3D8099DF8D">>},
 {<<"jobs">>, <<"329C024A889249EA8262D0EF70BC7A498B7C96DA95977EBD026B13B069FB0E13">>},
 {<<"metrics">>, <<"25F094DEA2CDA98213CECC3AEFF09E940299D950904393B2A29D191C346A8486">>},
 {<<"mimerl">>, <<"67E2D3F571088D5CFD3E550C383094B47159F3EEE8FFA08E64106CDF5E981BE3">>},
 {<<"parse_trans">>, <<"BB87AC362A03CA674EBB7D9D498F45C03256ADED7214C9101F7035EF44B798C7">>},
 {<<"setup">>, <<"05F69185A5EB71474C9BC6BA892565651EC7507791F85632B7B914DBFE130510">>},
 {<<"ssl_verify_fun">>, <<"CF344F5692C82D2CD7554F5EC8FD961548D4FD09E7D22F5B62482E5AEAEBD4B0">>},
 {<<"tls_certificate_check">>, <<"1C0377617A1111000BCA3F4CD530B62690C9BD2DC9B868B4459203CD4D7F16AB">>},
 {<<"unicode_util_compat">>, <<"BC84380C9AB48177092F43AC89E4DFA2C6D62B40B8BD132B1059ECC7232F9A78">>},
 {<<"zotonic_stdlib">>, <<"E3A7E097AEE51913E9B8032764A20A2A099C30C65A8F635D2A132B0DF80AE4B4">>}]},
{pkg_hash_ext,[
 {<<"certifi">>, <<"266DA46BDB06D6C6D35FDE799BCB28D36D985D424AD7C08B5BB48F5B5CDD4641">>},
 {<<"cowlib">>, <<"2B3E9DA0B21C4565751A6D4901C20D1B4CC25CBB7FD50D91D2AB6DD287BC86A9">>},
 {<<"gproc">>, <<"587E8AF698CCD3504CF4BA8D90F893EDE2B0F58CABB8A916E2BF9321DE3CF10B">>},
 {<<"hackney">>, <<"A4ECDAFF44297E9B5894AE499E9A070EA1888C84AFDD1FD9B7B2BC384950128E">>},
 {<<"idna">>, <<"92376EB7894412ED19AC475E4A86F7B413C1B9FBB5BD16DCCD57934157944CEA">>},
 {<<"jobs">>, <<"09D486146BD32897726BB1F63DD95D1EB7F6F5A4C21C38CA58AB1646E8229724">>},
 {<<"metrics">>, <<"69B09ADDDC4F74A40716AE54D140F93BEB0FB8978D8636EADED0C31B6F099F16">>},
 {<<"mimerl">>, <<"F278585650AA581986264638EBF698F8BB19DF297F66AD91B18910DFC6E19323">>},
 {<<"parse_trans">>, <<"F99E368830BEA44552224E37E04943A54874F08B8590485DE8D13832B63A2DC3">>},
 {<<"setup">>, <<"EFD072578F0CF85BEA96CAAFFC7ADB0992398272522660A136E10567377071C5">>},
 {<<"ssl_verify_fun">>, <<"BDB0D2471F453C88FF3908E7686F86F9BE327D065CC1EC16FA4540197EA04680">>},
 {<<"tls_certificate_check">>, <<"87FD2E865078FDF8913A8C27BD8FE2BE986383E31011F21D7F92CC5F7BC90731">>},
 {<<"unicode_util_compat">>, <<"25EEE6D67DF61960CF6A794239566599B09E17E668D3700247BC498638152521">>},
 {<<"zotonic_stdlib">>, <<"1ADA7658444B56D90BB50FD9F0A418917F6F0161451AA1CAADA7B8E1B72EF74E">>}]}
].
